<?xml version="1.0" encoding="utf-8"?>
<Project ToolsVersion="4.0" xmlns="http://schemas.microsoft.com/developer/msbuild/2003">
  <ItemGroup>
    <Filter Include="源文件">
      <UniqueIdentifier>{4FC737F1-C7A5-4376-A066-2A32D752A2FF}</UniqueIdentifier>
      <Extensions>cpp;c;cc;cxx;c++;cppm;ixx;def;odl;idl;hpj;bat;asm;asmx</Extensions>
    </Filter>
    <Filter Include="头文件">
      <UniqueIdentifier>{93995380-89BD-4b04-88EB-625FBE52EBFB}</UniqueIdentifier>
      <Extensions>h;hh;hpp;hxx;h++;hm;inl;inc;ipp;xsd</Extensions>
    </Filter>
    <Filter Include="资源文件">
      <UniqueIdentifier>{67DA6AB6-F800-4c08-8B7A-83BB121AAD01}</UniqueIdentifier>
      <Extensions>rc;ico;cur;bmp;dlg;rc2;rct;bin;rgs;gif;jpg;jpeg;jpe;resx;tiff;tif;png;wav;mfcribbon-ms</Extensions>
    </Filter>
    <Filter Include="源文件\数组">
      <UniqueIdentifier>{1569c3fa-9adf-4c5c-9b77-9ba4eac61d39}</UniqueIdentifier>
    </Filter>
    <Filter Include="源文件\链表">
      <UniqueIdentifier>{546630aa-7cd3-4d1a-88d9-5e291c6e9c30}</UniqueIdentifier>
    </Filter>
    <Filter Include="源文件\哈希表">
      <UniqueIdentifier>{6df06be9-b4f9-4e95-9292-177c3b3253e7}</UniqueIdentifier>
    </Filter>
    <Filter Include="源文件\字符串">
      <UniqueIdentifier>{6793151d-2b89-4646-90f8-275aed031ac2}</UniqueIdentifier>
    </Filter>
    <Filter Include="源文件\栈">
      <UniqueIdentifier>{15c07823-a6ff-42ca-8372-48ef2a3fb08a}</UniqueIdentifier>
    </Filter>
  </ItemGroup>
  <ItemGroup>
    <ClCompile Include="704_二分查找.cpp">
      <Filter>源文件\数组</Filter>
    </ClCompile>
    <ClCompile Include="27_移除元素.cpp">
      <Filter>源文件\数组</Filter>
    </ClCompile>
    <ClCompile Include="977_有序数组的平方.cpp">
      <Filter>源文件\数组</Filter>
    </ClCompile>
    <ClCompile Include="209_长度最小的子数组.cpp">
      <Filter>源文件\数组</Filter>
    </ClCompile>
    <ClCompile Include="59_螺旋矩阵II.cpp">
      <Filter>源文件\数组</Filter>
    </ClCompile>
    <ClCompile Include="203_移除链表元素.cpp">
      <Filter>源文件\链表</Filter>
    </ClCompile>
    <ClCompile Include="707_设计链表.cpp">
      <Filter>源文件\链表</Filter>
    </ClCompile>
    <ClCompile Include="206_反转链表.cpp">
      <Filter>源文件\链表</Filter>
    </ClCompile>
    <ClCompile Include="24_两两交换链表中的节点.cpp">
      <Filter>源文件\链表</Filter>
    </ClCompile>
    <ClCompile Include="19_删除链表的倒数第N个节点.cpp">
      <Filter>源文件\链表</Filter>
    </ClCompile>
    <ClCompile Include="142_环形链表II.cpp">
      <Filter>源文件\链表</Filter>
    </ClCompile>
    <ClCompile Include="242_有效的字母异位词.cpp">
      <Filter>源文件\哈希表</Filter>
    </ClCompile>
    <ClCompile Include="349_两个数组的交集.cpp">
      <Filter>源文件\哈希表</Filter>
    </ClCompile>
    <ClCompile Include="1_两数之和.cpp">
      <Filter>源文件\哈希表</Filter>
    </ClCompile>
    <ClCompile Include="454_两数相加II.cpp">
      <Filter>源文件\哈希表</Filter>
    </ClCompile>
    <ClCompile Include="15_三数之和.cpp">
      <Filter>源文件\哈希表</Filter>
    </ClCompile>
    <ClCompile Include="18_四数之和.cpp">
      <Filter>源文件\哈希表</Filter>
    </ClCompile>
    <ClCompile Include="344_反转字符串.cpp">
      <Filter>源文件\字符串</Filter>
    </ClCompile>
    <ClCompile Include="541_反转字符串II.cpp">
      <Filter>源文件\字符串</Filter>
    </ClCompile>
    <ClCompile Include="151_反转字符串中的单词.cpp">
      <Filter>源文件\哈希表</Filter>
    </ClCompile>
    <ClCompile Include="459_重复的子字符串.cpp">
      <Filter>源文件\哈希表</Filter>
    </ClCompile>
    <ClCompile Include="232_用栈实现队列.cpp">
      <Filter>源文件\栈</Filter>
    </ClCompile>
    <ClCompile Include="225_用队列实现栈.cpp">
      <Filter>源文件\栈</Filter>
    </ClCompile>
    <ClCompile Include="20_有效的括号.cpp">
      <Filter>源文件\栈</Filter>
    </ClCompile>
    <ClCompile Include="1047_删除字符串中的所有相邻重复项.cpp">
      <Filter>源文件\栈</Filter>
    </ClCompile>
    <ClCompile Include="150_逆波兰表达式求值.cpp">
      <Filter>源文件\栈</Filter>
    </ClCompile>
    <ClCompile Include="239_滑动窗口最大值.cpp">
      <Filter>源文件\栈</Filter>
    </ClCompile>
  </ItemGroup>
</Project>